// !$*UTF8*$!
{
	archiveVersion = 1;
	classes = {
	};
	objectVersion = 50;
	objects = {

/* Begin PBXBuildFile section */
		005A778020BF612B00151A55 /* TourInfoTourVC.swift in Sources */ = {isa = PBXBuildFile; fileRef = 005A777F20BF612B00151A55 /* TourInfoTourVC.swift */; };
		005A778220BF614200151A55 /* TourInfoLandmarkVC.swift in Sources */ = {isa = PBXBuildFile; fileRef = 005A778120BF614200151A55 /* TourInfoLandmarkVC.swift */; };
		00A2654320B846DE00B80AE6 /* DBFindHelper.swift in Sources */ = {isa = PBXBuildFile; fileRef = 00A2654220B846DE00B80AE6 /* DBFindHelper.swift */; };
		00A2654520B846F700B80AE6 /* MainVC.swift in Sources */ = {isa = PBXBuildFile; fileRef = 00A2654420B846F700B80AE6 /* MainVC.swift */; };
		00A2654720B8470C00B80AE6 /* LandmarkListVC.swift in Sources */ = {isa = PBXBuildFile; fileRef = 00A2654620B8470C00B80AE6 /* LandmarkListVC.swift */; };
		00A2654920B8471B00B80AE6 /* TourInfoVC.swift in Sources */ = {isa = PBXBuildFile; fileRef = 00A2654820B8471B00B80AE6 /* TourInfoVC.swift */; };
		00A2654B20B8472900B80AE6 /* LandmarkInfoVC.swift in Sources */ = {isa = PBXBuildFile; fileRef = 00A2654A20B8472900B80AE6 /* LandmarkInfoVC.swift */; };
		35C8D8354440214168BB483B /* Pods_twiths_.framework in Frameworks */ = {isa = PBXBuildFile; fileRef = 3941FE870DFF7D3907971846 /* Pods_twiths_.framework */; };
		5B3423B920BAF7CD007B2D40 /* Model.swift in Sources */ = {isa = PBXBuildFile; fileRef = 5B3423B820BAF7CD007B2D40 /* Model.swift */; };
		5B3423BB20BB0AF5007B2D40 /* TourCreateHelper.swift in Sources */ = {isa = PBXBuildFile; fileRef = 5B3423BA20BB0AF5007B2D40 /* TourCreateHelper.swift */; };
		5B3423C020BC38B0007B2D40 /* SearchVC.swift in Sources */ = {isa = PBXBuildFile; fileRef = 5B3423BF20BC38B0007B2D40 /* SearchVC.swift */; };
		5B3423C220BC5455007B2D40 /* TourInfoNotProceed.storyboard in Resources */ = {isa = PBXBuildFile; fileRef = 5B3423C120BC5455007B2D40 /* TourInfoNotProceed.storyboard */; };
		5B3423C520BC581F007B2D40 /* TourInfoMainVC.swift in Sources */ = {isa = PBXBuildFile; fileRef = 5B3423C420BC581F007B2D40 /* TourInfoMainVC.swift */; };
		5B3516DB20B5C68E00DD4644 /* GoogleService-Info.plist in Resources */ = {isa = PBXBuildFile; fileRef = 5B3516DA20B5C68E00DD4644 /* GoogleService-Info.plist */; };
		5B40AB4120C053FA00F97F0D /* JjimVC.swift in Sources */ = {isa = PBXBuildFile; fileRef = 5B40AB4020C053FA00F97F0D /* JjimVC.swift */; };
		5B52E32020B5CE5800134C57 /* MyPageViewController.swift in Sources */ = {isa = PBXBuildFile; fileRef = 5B52E31F20B5CE5800134C57 /* MyPageViewController.swift */; };
		5B6AC1D020A980A3006EF078 /* AppDelegate.swift in Sources */ = {isa = PBXBuildFile; fileRef = 5B6AC1CF20A980A3006EF078 /* AppDelegate.swift */; };
		5B6AC1D220A980A3006EF078 /* ViewController.swift in Sources */ = {isa = PBXBuildFile; fileRef = 5B6AC1D120A980A3006EF078 /* ViewController.swift */; };
		5B6AC1D520A980A3006EF078 /* Main.storyboard in Resources */ = {isa = PBXBuildFile; fileRef = 5B6AC1D320A980A3006EF078 /* Main.storyboard */; };
		5B6AC1D720A980A5006EF078 /* Assets.xcassets in Resources */ = {isa = PBXBuildFile; fileRef = 5B6AC1D620A980A5006EF078 /* Assets.xcassets */; };
		5B6AC1DA20A980A5006EF078 /* LaunchScreen.storyboard in Resources */ = {isa = PBXBuildFile; fileRef = 5B6AC1D820A980A5006EF078 /* LaunchScreen.storyboard */; };
		5B8AF54C20B6F7CF00A92405 /* Tour_Review.swift in Sources */ = {isa = PBXBuildFile; fileRef = 5B8AF54B20B6F7CF00A92405 /* Tour_Review.swift */; };
		5B8AF55720B6F7E900A92405 /* Tour_Find.swift in Sources */ = {isa = PBXBuildFile; fileRef = 5B8AF54D20B6F7E800A92405 /* Tour_Find.swift */; };
		5B8AF55820B6F7E900A92405 /* TourInfo.swift in Sources */ = {isa = PBXBuildFile; fileRef = 5B8AF54E20B6F7E800A92405 /* TourInfo.swift */; };
		5B8AF55920B6F7E900A92405 /* TourCreate.swift in Sources */ = {isa = PBXBuildFile; fileRef = 5B8AF54F20B6F7E800A92405 /* TourCreate.swift */; };
		5B8AF55A20B6F7E900A92405 /* Tour_Map.swift in Sources */ = {isa = PBXBuildFile; fileRef = 5B8AF55020B6F7E800A92405 /* Tour_Map.swift */; };
		5B8AF55B20B6F7E900A92405 /* ProceedTour.swift in Sources */ = {isa = PBXBuildFile; fileRef = 5B8AF55120B6F7E800A92405 /* ProceedTour.swift */; };
		5B8AF55C20B6F7E900A92405 /* SelectLandmark.swift in Sources */ = {isa = PBXBuildFile; fileRef = 5B8AF55220B6F7E800A92405 /* SelectLandmark.swift */; };
		5B8AF55D20B6F7E900A92405 /* LandmarkInfo.swift in Sources */ = {isa = PBXBuildFile; fileRef = 5B8AF55320B6F7E800A92405 /* LandmarkInfo.swift */; };
		5B8AF55E20B6F7E900A92405 /* For_Create_Tour.swift in Sources */ = {isa = PBXBuildFile; fileRef = 5B8AF55420B6F7E900A92405 /* For_Create_Tour.swift */; };
		5B8AF55F20B6F7E900A92405 /* Tour_Landmarks.swift in Sources */ = {isa = PBXBuildFile; fileRef = 5B8AF55520B6F7E900A92405 /* Tour_Landmarks.swift */; };
		5B8AF56020B6F7E900A92405 /* Database_test.swift in Sources */ = {isa = PBXBuildFile; fileRef = 5B8AF55620B6F7E900A92405 /* Database_test.swift */; };
		5BAAC72820B5C53C00761C86 /* LoginViewController.swift in Sources */ = {isa = PBXBuildFile; fileRef = 5BAAC72720B5C53C00761C86 /* LoginViewController.swift */; };
		5BAAC72A20B5C54700761C86 /* SignupViewController.swift in Sources */ = {isa = PBXBuildFile; fileRef = 5BAAC72920B5C54700761C86 /* SignupViewController.swift */; };
		5BD40AD820B6FE13002D888F /* TourCreate.storyboard in Resources */ = {isa = PBXBuildFile; fileRef = 5BD40AD520B6FE12002D888F /* TourCreate.storyboard */; };
		5BD40ADA20B6FE13002D888F /* Tour.storyboard in Resources */ = {isa = PBXBuildFile; fileRef = 5BD40AD720B6FE13002D888F /* Tour.storyboard */; };
		5BD85D1A20AD7D7E0065D9AA /* Search.storyboard in Resources */ = {isa = PBXBuildFile; fileRef = 5BD85D1920AD7D7E0065D9AA /* Search.storyboard */; };
		5BD85D1C20AD7E920065D9AA /* Mypage.storyboard in Resources */ = {isa = PBXBuildFile; fileRef = 5BD85D1B20AD7E920065D9AA /* Mypage.storyboard */; };
		5BD85D1F20ADF3EB0065D9AA /* Jjim.storyboard in Resources */ = {isa = PBXBuildFile; fileRef = 5BD85D1E20ADF3EB0065D9AA /* Jjim.storyboard */; };
		5BF7A5E820BDB50800294AFF /* TourCreateVC.swift in Sources */ = {isa = PBXBuildFile; fileRef = 5BF7A5E720BDB50800294AFF /* TourCreateVC.swift */; };
		5BFBBB1B20BE6BB400E24B4F /* LandmarkCreateVC.swift in Sources */ = {isa = PBXBuildFile; fileRef = 5BFBBB1A20BE6BB400E24B4F /* LandmarkCreateVC.swift */; };
/* End PBXBuildFile section */

/* Begin PBXFileReference section */
		005A777F20BF612B00151A55 /* TourInfoTourVC.swift */ = {isa = PBXFileReference; lastKnownFileType = sourcecode.swift; path = TourInfoTourVC.swift; sourceTree = "<group>"; };
		005A778120BF614200151A55 /* TourInfoLandmarkVC.swift */ = {isa = PBXFileReference; lastKnownFileType = sourcecode.swift; path = TourInfoLandmarkVC.swift; sourceTree = "<group>"; };
		00A2654220B846DE00B80AE6 /* DBFindHelper.swift */ = {isa = PBXFileReference; lastKnownFileType = sourcecode.swift; path = DBFindHelper.swift; sourceTree = "<group>"; };
		00A2654420B846F700B80AE6 /* MainVC.swift */ = {isa = PBXFileReference; lastKnownFileType = sourcecode.swift; path = MainVC.swift; sourceTree = "<group>"; };
		00A2654620B8470C00B80AE6 /* LandmarkListVC.swift */ = {isa = PBXFileReference; lastKnownFileType = sourcecode.swift; path = LandmarkListVC.swift; sourceTree = "<group>"; };
		00A2654820B8471B00B80AE6 /* TourInfoVC.swift */ = {isa = PBXFileReference; lastKnownFileType = sourcecode.swift; path = TourInfoVC.swift; sourceTree = "<group>"; };
		00A2654A20B8472900B80AE6 /* LandmarkInfoVC.swift */ = {isa = PBXFileReference; lastKnownFileType = sourcecode.swift; path = LandmarkInfoVC.swift; sourceTree = "<group>"; };
		3941FE870DFF7D3907971846 /* Pods_twiths_.framework */ = {isa = PBXFileReference; explicitFileType = wrapper.framework; includeInIndex = 0; path = Pods_twiths_.framework; sourceTree = BUILT_PRODUCTS_DIR; };
		5B3423B820BAF7CD007B2D40 /* Model.swift */ = {isa = PBXFileReference; fileEncoding = 4; lastKnownFileType = sourcecode.swift; path = Model.swift; sourceTree = "<group>"; };
		5B3423BA20BB0AF5007B2D40 /* TourCreateHelper.swift */ = {isa = PBXFileReference; lastKnownFileType = sourcecode.swift; path = TourCreateHelper.swift; sourceTree = "<group>"; };
		5B3423BF20BC38B0007B2D40 /* SearchVC.swift */ = {isa = PBXFileReference; lastKnownFileType = sourcecode.swift; path = SearchVC.swift; sourceTree = "<group>"; };
		5B3423C120BC5455007B2D40 /* TourInfoNotProceed.storyboard */ = {isa = PBXFileReference; lastKnownFileType = file.storyboard; path = TourInfoNotProceed.storyboard; sourceTree = "<group>"; };
		5B3423C420BC581F007B2D40 /* TourInfoMainVC.swift */ = {isa = PBXFileReference; lastKnownFileType = sourcecode.swift; path = TourInfoMainVC.swift; sourceTree = "<group>"; };
		5B3516DA20B5C68E00DD4644 /* GoogleService-Info.plist */ = {isa = PBXFileReference; fileEncoding = 4; lastKnownFileType = text.plist.xml; path = "GoogleService-Info.plist"; sourceTree = SOURCE_ROOT; };
		5B40AB4020C053FA00F97F0D /* JjimVC.swift */ = {isa = PBXFileReference; lastKnownFileType = sourcecode.swift; path = JjimVC.swift; sourceTree = "<group>"; };
		5B52E31F20B5CE5800134C57 /* MyPageViewController.swift */ = {isa = PBXFileReference; lastKnownFileType = sourcecode.swift; path = MyPageViewController.swift; sourceTree = "<group>"; };
		5B6AC1CC20A980A3006EF078 /* twiths_.app */ = {isa = PBXFileReference; explicitFileType = wrapper.application; includeInIndex = 0; path = twiths_.app; sourceTree = BUILT_PRODUCTS_DIR; };
		5B6AC1CF20A980A3006EF078 /* AppDelegate.swift */ = {isa = PBXFileReference; lastKnownFileType = sourcecode.swift; path = AppDelegate.swift; sourceTree = "<group>"; };
		5B6AC1D120A980A3006EF078 /* ViewController.swift */ = {isa = PBXFileReference; lastKnownFileType = sourcecode.swift; path = ViewController.swift; sourceTree = "<group>"; };
		5B6AC1D420A980A3006EF078 /* Base */ = {isa = PBXFileReference; lastKnownFileType = file.storyboard; name = Base; path = Base.lproj/Main.storyboard; sourceTree = "<group>"; };
		5B6AC1D620A980A5006EF078 /* Assets.xcassets */ = {isa = PBXFileReference; lastKnownFileType = folder.assetcatalog; path = Assets.xcassets; sourceTree = "<group>"; };
		5B6AC1D920A980A5006EF078 /* Base */ = {isa = PBXFileReference; lastKnownFileType = file.storyboard; name = Base; path = Base.lproj/LaunchScreen.storyboard; sourceTree = "<group>"; };
		5B6AC1DB20A980A5006EF078 /* Info.plist */ = {isa = PBXFileReference; lastKnownFileType = text.plist.xml; path = Info.plist; sourceTree = "<group>"; };
		5B8AF54B20B6F7CF00A92405 /* Tour_Review.swift */ = {isa = PBXFileReference; fileEncoding = 4; lastKnownFileType = sourcecode.swift; path = Tour_Review.swift; sourceTree = "<group>"; };
		5B8AF54D20B6F7E800A92405 /* Tour_Find.swift */ = {isa = PBXFileReference; fileEncoding = 4; lastKnownFileType = sourcecode.swift; path = Tour_Find.swift; sourceTree = "<group>"; };
		5B8AF54E20B6F7E800A92405 /* TourInfo.swift */ = {isa = PBXFileReference; fileEncoding = 4; lastKnownFileType = sourcecode.swift; path = TourInfo.swift; sourceTree = "<group>"; };
		5B8AF54F20B6F7E800A92405 /* TourCreate.swift */ = {isa = PBXFileReference; fileEncoding = 4; lastKnownFileType = sourcecode.swift; path = TourCreate.swift; sourceTree = "<group>"; };
		5B8AF55020B6F7E800A92405 /* Tour_Map.swift */ = {isa = PBXFileReference; fileEncoding = 4; lastKnownFileType = sourcecode.swift; path = Tour_Map.swift; sourceTree = "<group>"; };
		5B8AF55120B6F7E800A92405 /* ProceedTour.swift */ = {isa = PBXFileReference; fileEncoding = 4; lastKnownFileType = sourcecode.swift; path = ProceedTour.swift; sourceTree = "<group>"; };
		5B8AF55220B6F7E800A92405 /* SelectLandmark.swift */ = {isa = PBXFileReference; fileEncoding = 4; lastKnownFileType = sourcecode.swift; path = SelectLandmark.swift; sourceTree = "<group>"; };
		5B8AF55320B6F7E800A92405 /* LandmarkInfo.swift */ = {isa = PBXFileReference; fileEncoding = 4; lastKnownFileType = sourcecode.swift; path = LandmarkInfo.swift; sourceTree = "<group>"; };
		5B8AF55420B6F7E900A92405 /* For_Create_Tour.swift */ = {isa = PBXFileReference; fileEncoding = 4; lastKnownFileType = sourcecode.swift; path = For_Create_Tour.swift; sourceTree = "<group>"; };
		5B8AF55520B6F7E900A92405 /* Tour_Landmarks.swift */ = {isa = PBXFileReference; fileEncoding = 4; lastKnownFileType = sourcecode.swift; path = Tour_Landmarks.swift; sourceTree = "<group>"; };
		5B8AF55620B6F7E900A92405 /* Database_test.swift */ = {isa = PBXFileReference; fileEncoding = 4; lastKnownFileType = sourcecode.swift; path = Database_test.swift; sourceTree = "<group>"; };
		5BAAC72720B5C53C00761C86 /* LoginViewController.swift */ = {isa = PBXFileReference; lastKnownFileType = sourcecode.swift; path = LoginViewController.swift; sourceTree = "<group>"; };
		5BAAC72920B5C54700761C86 /* SignupViewController.swift */ = {isa = PBXFileReference; lastKnownFileType = sourcecode.swift; path = SignupViewController.swift; sourceTree = "<group>"; };
		5BD40AD520B6FE12002D888F /* TourCreate.storyboard */ = {isa = PBXFileReference; fileEncoding = 4; lastKnownFileType = file.storyboard; path = TourCreate.storyboard; sourceTree = "<group>"; };
		5BD40AD720B6FE13002D888F /* Tour.storyboard */ = {isa = PBXFileReference; fileEncoding = 4; lastKnownFileType = file.storyboard; path = Tour.storyboard; sourceTree = "<group>"; };
		5BD85D1920AD7D7E0065D9AA /* Search.storyboard */ = {isa = PBXFileReference; lastKnownFileType = file.storyboard; path = Search.storyboard; sourceTree = "<group>"; };
		5BD85D1B20AD7E920065D9AA /* Mypage.storyboard */ = {isa = PBXFileReference; lastKnownFileType = file.storyboard; path = Mypage.storyboard; sourceTree = "<group>"; };
		5BD85D1E20ADF3EB0065D9AA /* Jjim.storyboard */ = {isa = PBXFileReference; lastKnownFileType = file.storyboard; path = Jjim.storyboard; sourceTree = "<group>"; };
		5BF7A5E720BDB50800294AFF /* TourCreateVC.swift */ = {isa = PBXFileReference; lastKnownFileType = sourcecode.swift; path = TourCreateVC.swift; sourceTree = "<group>"; };
		5BFBBB1A20BE6BB400E24B4F /* LandmarkCreateVC.swift */ = {isa = PBXFileReference; lastKnownFileType = sourcecode.swift; path = LandmarkCreateVC.swift; sourceTree = "<group>"; };
		713C8584B58D6E1B481B2317 /* Pods-twiths_.debug.xcconfig */ = {isa = PBXFileReference; includeInIndex = 1; lastKnownFileType = text.xcconfig; name = "Pods-twiths_.debug.xcconfig"; path = "Pods/Target Support Files/Pods-twiths_/Pods-twiths_.debug.xcconfig"; sourceTree = "<group>"; };
		FF71718479ABA4D089758DC6 /* Pods-twiths_.release.xcconfig */ = {isa = PBXFileReference; includeInIndex = 1; lastKnownFileType = text.xcconfig; name = "Pods-twiths_.release.xcconfig"; path = "Pods/Target Support Files/Pods-twiths_/Pods-twiths_.release.xcconfig"; sourceTree = "<group>"; };
/* End PBXFileReference section */

/* Begin PBXFrameworksBuildPhase section */
		5B6AC1C920A980A3006EF078 /* Frameworks */ = {
			isa = PBXFrameworksBuildPhase;
			buildActionMask = 2147483647;
			files = (
				35C8D8354440214168BB483B /* Pods_twiths_.framework in Frameworks */,
			);
			runOnlyForDeploymentPostprocessing = 0;
		};
/* End PBXFrameworksBuildPhase section */

/* Begin PBXGroup section */
		00A2653E20B8468E00B80AE6 /* Main */ = {
			isa = PBXGroup;
			children = (
				00A2654420B846F700B80AE6 /* MainVC.swift */,
				5BAAC72720B5C53C00761C86 /* LoginViewController.swift */,
				5BAAC72920B5C54700761C86 /* SignupViewController.swift */,
			);
			path = Main;
			sourceTree = "<group>";
		};
		00A2654020B8469D00B80AE6 /* Tour */ = {
			isa = PBXGroup;
			children = (
				00A2654620B8470C00B80AE6 /* LandmarkListVC.swift */,
				00A2654820B8471B00B80AE6 /* TourInfoVC.swift */,
				00A2654A20B8472900B80AE6 /* LandmarkInfoVC.swift */,
			);
			path = Tour;
			sourceTree = "<group>";
		};
		00A2654120B846A800B80AE6 /* Helpers */ = {
			isa = PBXGroup;
			children = (
				00A2654220B846DE00B80AE6 /* DBFindHelper.swift */,
				5B3423BA20BB0AF5007B2D40 /* TourCreateHelper.swift */,
			);
			path = Helpers;
			sourceTree = "<group>";
		};
		0801471973B55E1F882FECAE /* Frameworks */ = {
			isa = PBXGroup;
			children = (
				3941FE870DFF7D3907971846 /* Pods_twiths_.framework */,
			);
			name = Frameworks;
			sourceTree = "<group>";
		};
		2E45A8E1CDF2CCD00BBB863A /* Pods */ = {
			isa = PBXGroup;
			children = (
				713C8584B58D6E1B481B2317 /* Pods-twiths_.debug.xcconfig */,
				FF71718479ABA4D089758DC6 /* Pods-twiths_.release.xcconfig */,
			);
			name = Pods;
			sourceTree = "<group>";
		};
		5B3423BE20BC3899007B2D40 /* Search */ = {
			isa = PBXGroup;
			children = (
				5B3423BF20BC38B0007B2D40 /* SearchVC.swift */,
			);
			path = Search;
			sourceTree = "<group>";
		};
		5B3423C320BC568C007B2D40 /* TourInfoNotProceed */ = {
			isa = PBXGroup;
			children = (
				5B3423C420BC581F007B2D40 /* TourInfoMainVC.swift */,
				005A777F20BF612B00151A55 /* TourInfoTourVC.swift */,
				005A778120BF614200151A55 /* TourInfoLandmarkVC.swift */,
			);
			path = TourInfoNotProceed;
			sourceTree = "<group>";
		};
		5B40AB3F20C053D400F97F0D /* Jjim */ = {
			isa = PBXGroup;
			children = (
				5B40AB4020C053FA00F97F0D /* JjimVC.swift */,
			);
			path = Jjim;
			sourceTree = "<group>";
		};
		5B52E31A20B5CDE100134C57 /* MyPage */ = {
			isa = PBXGroup;
			children = (
				5B52E31F20B5CE5800134C57 /* MyPageViewController.swift */,
			);
			path = MyPage;
			sourceTree = "<group>";
		};
		5B6AC1C320A980A3006EF078 = {
			isa = PBXGroup;
			children = (
				5B6AC1CE20A980A3006EF078 /* twiths_ */,
				5B6AC1CD20A980A3006EF078 /* Products */,
				2E45A8E1CDF2CCD00BBB863A /* Pods */,
				0801471973B55E1F882FECAE /* Frameworks */,
			);
			sourceTree = "<group>";
		};
		5B6AC1CD20A980A3006EF078 /* Products */ = {
			isa = PBXGroup;
			children = (
				5B6AC1CC20A980A3006EF078 /* twiths_.app */,
			);
			name = Products;
			sourceTree = "<group>";
		};
		5B6AC1CE20A980A3006EF078 /* twiths_ */ = {
			isa = PBXGroup;
			children = (
				5B3423B820BAF7CD007B2D40 /* Model.swift */,
				5B8AF55620B6F7E900A92405 /* Database_test.swift */,
				5B3516DA20B5C68E00DD4644 /* GoogleService-Info.plist */,
				5B6AC1CF20A980A3006EF078 /* AppDelegate.swift */,
				5B6AC1D120A980A3006EF078 /* ViewController.swift */,
				5B6AC1D320A980A3006EF078 /* Main.storyboard */,
				5BD85D1D20AD7F960065D9AA /* Storyboard */,
				00A2653E20B8468E00B80AE6 /* Main */,
				00A2654020B8469D00B80AE6 /* Tour */,
				5B94788620BD859B00EFD481 /* TourCreate */,
				5B3423C320BC568C007B2D40 /* TourInfoNotProceed */,
				5B3423BE20BC3899007B2D40 /* Search */,
				5B40AB3F20C053D400F97F0D /* Jjim */,
				5B52E31A20B5CDE100134C57 /* MyPage */,
				00A2654120B846A800B80AE6 /* Helpers */,
				5B6AC1D620A980A5006EF078 /* Assets.xcassets */,
				5B6AC1D820A980A5006EF078 /* LaunchScreen.storyboard */,
				5B6AC1DB20A980A5006EF078 /* Info.plist */,
				5BD40ADB20B6FE2B002D888F /* temp */,
			);
			path = twiths_;
			sourceTree = "<group>";
		};
		5B94788620BD859B00EFD481 /* TourCreate */ = {
			isa = PBXGroup;
			children = (
				5BF7A5E720BDB50800294AFF /* TourCreateVC.swift */,
				5BFBBB1A20BE6BB400E24B4F /* LandmarkCreateVC.swift */,
			);
			path = TourCreate;
			sourceTree = "<group>";
		};
		5BD40ADB20B6FE2B002D888F /* temp */ = {
			isa = PBXGroup;
			children = (
				5B8AF55420B6F7E900A92405 /* For_Create_Tour.swift */,
				5B8AF55320B6F7E800A92405 /* LandmarkInfo.swift */,
				5B8AF55120B6F7E800A92405 /* ProceedTour.swift */,
				5B8AF55220B6F7E800A92405 /* SelectLandmark.swift */,
				5B8AF54D20B6F7E800A92405 /* Tour_Find.swift */,
				5B8AF55520B6F7E900A92405 /* Tour_Landmarks.swift */,
				5B8AF55020B6F7E800A92405 /* Tour_Map.swift */,
				5B8AF54F20B6F7E800A92405 /* TourCreate.swift */,
				5B8AF54E20B6F7E800A92405 /* TourInfo.swift */,
				5B8AF54B20B6F7CF00A92405 /* Tour_Review.swift */,
			);
			path = temp;
			sourceTree = "<group>";
		};
		5BD85D1D20AD7F960065D9AA /* Storyboard */ = {
			isa = PBXGroup;
			children = (
				5BD40AD520B6FE12002D888F /* TourCreate.storyboard */,
				5BD40AD720B6FE13002D888F /* Tour.storyboard */,
				5BD85D1B20AD7E920065D9AA /* Mypage.storyboard */,
				5BD85D1920AD7D7E0065D9AA /* Search.storyboard */,
				5B3423C120BC5455007B2D40 /* TourInfoNotProceed.storyboard */,
				5BD85D1E20ADF3EB0065D9AA /* Jjim.storyboard */,
			);
			path = Storyboard;
			sourceTree = "<group>";
		};
/* End PBXGroup section */

/* Begin PBXNativeTarget section */
		5B6AC1CB20A980A3006EF078 /* twiths_ */ = {
			isa = PBXNativeTarget;
			buildConfigurationList = 5B6AC1DE20A980A5006EF078 /* Build configuration list for PBXNativeTarget "twiths_" */;
			buildPhases = (
				17966FC9ED8638E718FF36C0 /* [CP] Check Pods Manifest.lock */,
				5B6AC1C820A980A3006EF078 /* Sources */,
				5B6AC1C920A980A3006EF078 /* Frameworks */,
				5B6AC1CA20A980A3006EF078 /* Resources */,
				9447EF16D5211F6415BD6C6F /* [CP] Embed Pods Frameworks */,
				3C776C10D898567E53F4F5C6 /* [CP] Copy Pods Resources */,
			);
			buildRules = (
			);
			dependencies = (
			);
			name = twiths_;
			productName = twiths_;
			productReference = 5B6AC1CC20A980A3006EF078 /* twiths_.app */;
			productType = "com.apple.product-type.application";
		};
/* End PBXNativeTarget section */

/* Begin PBXProject section */
		5B6AC1C420A980A3006EF078 /* Project object */ = {
			isa = PBXProject;
			attributes = {
				LastSwiftUpdateCheck = 0930;
				LastUpgradeCheck = 0930;
				ORGANIZATIONNAME = "yeon suk choi";
				TargetAttributes = {
					5B6AC1CB20A980A3006EF078 = {
						CreatedOnToolsVersion = 9.3;
					};
				};
			};
			buildConfigurationList = 5B6AC1C720A980A3006EF078 /* Build configuration list for PBXProject "twiths_" */;
			compatibilityVersion = "Xcode 9.3";
			developmentRegion = en;
			hasScannedForEncodings = 0;
			knownRegions = (
				en,
				Base,
			);
			mainGroup = 5B6AC1C320A980A3006EF078;
			productRefGroup = 5B6AC1CD20A980A3006EF078 /* Products */;
			projectDirPath = "";
			projectRoot = "";
			targets = (
				5B6AC1CB20A980A3006EF078 /* twiths_ */,
			);
		};
/* End PBXProject section */

/* Begin PBXResourcesBuildPhase section */
		5B6AC1CA20A980A3006EF078 /* Resources */ = {
			isa = PBXResourcesBuildPhase;
			buildActionMask = 2147483647;
			files = (
				5B6AC1DA20A980A5006EF078 /* LaunchScreen.storyboard in Resources */,
				5B6AC1D720A980A5006EF078 /* Assets.xcassets in Resources */,
				5BD85D1C20AD7E920065D9AA /* Mypage.storyboard in Resources */,
				5BD85D1A20AD7D7E0065D9AA /* Search.storyboard in Resources */,
				5BD85D1F20ADF3EB0065D9AA /* Jjim.storyboard in Resources */,
				5BD40ADA20B6FE13002D888F /* Tour.storyboard in Resources */,
				5BD40AD820B6FE13002D888F /* TourCreate.storyboard in Resources */,
				5B6AC1D520A980A3006EF078 /* Main.storyboard in Resources */,
				5B3423C220BC5455007B2D40 /* TourInfoNotProceed.storyboard in Resources */,
				5B3516DB20B5C68E00DD4644 /* GoogleService-Info.plist in Resources */,
			);
			runOnlyForDeploymentPostprocessing = 0;
		};
/* End PBXResourcesBuildPhase section */

/* Begin PBXShellScriptBuildPhase section */
		17966FC9ED8638E718FF36C0 /* [CP] Check Pods Manifest.lock */ = {
			isa = PBXShellScriptBuildPhase;
			buildActionMask = 2147483647;
			files = (
			);
			inputPaths = (
				"${PODS_PODFILE_DIR_PATH}/Podfile.lock",
				"${PODS_ROOT}/Manifest.lock",
			);
			name = "[CP] Check Pods Manifest.lock";
			outputPaths = (
				"$(DERIVED_FILE_DIR)/Pods-twiths_-checkManifestLockResult.txt",
			);
			runOnlyForDeploymentPostprocessing = 0;
			shellPath = /bin/sh;
			shellScript = "diff \"${PODS_PODFILE_DIR_PATH}/Podfile.lock\" \"${PODS_ROOT}/Manifest.lock\" > /dev/null\nif [ $? != 0 ] ; then\n    # print error to STDERR\n    echo \"error: The sandbox is not in sync with the Podfile.lock. Run 'pod install' or update your CocoaPods installation.\" >&2\n    exit 1\nfi\n# This output is used by Xcode 'outputs' to avoid re-running this script phase.\necho \"SUCCESS\" > \"${SCRIPT_OUTPUT_FILE_0}\"\n";
			showEnvVarsInLog = 0;
		};
		3C776C10D898567E53F4F5C6 /* [CP] Copy Pods Resources */ = {
			isa = PBXShellScriptBuildPhase;
			buildActionMask = 2147483647;
			files = (
			);
			inputPaths = (
				"${SRCROOT}/Pods/Target Support Files/Pods-twiths_/Pods-twiths_-resources.sh",
				"${PODS_ROOT}/GoogleSignIn/Resources/GoogleSignIn.bundle",
			);
			name = "[CP] Copy Pods Resources";
			outputPaths = (
				"${TARGET_BUILD_DIR}/${UNLOCALIZED_RESOURCES_FOLDER_PATH}/GoogleSignIn.bundle",
			);
			runOnlyForDeploymentPostprocessing = 0;
			shellPath = /bin/sh;
			shellScript = "\"${SRCROOT}/Pods/Target Support Files/Pods-twiths_/Pods-twiths_-resources.sh\"\n";
			showEnvVarsInLog = 0;
		};
		9447EF16D5211F6415BD6C6F /* [CP] Embed Pods Frameworks */ = {
			isa = PBXShellScriptBuildPhase;
			buildActionMask = 2147483647;
			files = (
			);
			inputPaths = (
				"${SRCROOT}/Pods/Target Support Files/Pods-twiths_/Pods-twiths_-frameworks.sh",
				"${BUILT_PRODUCTS_DIR}/Bolts/Bolts.framework",
				"${BUILT_PRODUCTS_DIR}/BoringSSL/openssl.framework",
				"${BUILT_PRODUCTS_DIR}/FBSDKCoreKit/FBSDKCoreKit.framework",
				"${BUILT_PRODUCTS_DIR}/FBSDKLoginKit/FBSDKLoginKit.framework",
				"${BUILT_PRODUCTS_DIR}/GTMOAuth2/GTMOAuth2.framework",
				"${BUILT_PRODUCTS_DIR}/GTMSessionFetcher/GTMSessionFetcher.framework",
				"${BUILT_PRODUCTS_DIR}/GoogleToolboxForMac/GoogleToolboxForMac.framework",
				"${BUILT_PRODUCTS_DIR}/Protobuf/Protobuf.framework",
				"${BUILT_PRODUCTS_DIR}/gRPC/GRPCClient.framework",
				"${BUILT_PRODUCTS_DIR}/gRPC-Core/grpc.framework",
				"${BUILT_PRODUCTS_DIR}/gRPC-ProtoRPC/ProtoRPC.framework",
				"${BUILT_PRODUCTS_DIR}/gRPC-RxLibrary/RxLibrary.framework",
				"${BUILT_PRODUCTS_DIR}/leveldb-library/leveldb.framework",
				"${BUILT_PRODUCTS_DIR}/nanopb/nanopb.framework",
			);
			name = "[CP] Embed Pods Frameworks";
			outputPaths = (
				"${TARGET_BUILD_DIR}/${FRAMEWORKS_FOLDER_PATH}/Bolts.framework",
				"${TARGET_BUILD_DIR}/${FRAMEWORKS_FOLDER_PATH}/openssl.framework",
				"${TARGET_BUILD_DIR}/${FRAMEWORKS_FOLDER_PATH}/FBSDKCoreKit.framework",
				"${TARGET_BUILD_DIR}/${FRAMEWORKS_FOLDER_PATH}/FBSDKLoginKit.framework",
				"${TARGET_BUILD_DIR}/${FRAMEWORKS_FOLDER_PATH}/GTMOAuth2.framework",
				"${TARGET_BUILD_DIR}/${FRAMEWORKS_FOLDER_PATH}/GTMSessionFetcher.framework",
				"${TARGET_BUILD_DIR}/${FRAMEWORKS_FOLDER_PATH}/GoogleToolboxForMac.framework",
				"${TARGET_BUILD_DIR}/${FRAMEWORKS_FOLDER_PATH}/Protobuf.framework",
				"${TARGET_BUILD_DIR}/${FRAMEWORKS_FOLDER_PATH}/GRPCClient.framework",
				"${TARGET_BUILD_DIR}/${FRAMEWORKS_FOLDER_PATH}/grpc.framework",
				"${TARGET_BUILD_DIR}/${FRAMEWORKS_FOLDER_PATH}/ProtoRPC.framework",
				"${TARGET_BUILD_DIR}/${FRAMEWORKS_FOLDER_PATH}/RxLibrary.framework",
				"${TARGET_BUILD_DIR}/${FRAMEWORKS_FOLDER_PATH}/leveldb.framework",
				"${TARGET_BUILD_DIR}/${FRAMEWORKS_FOLDER_PATH}/nanopb.framework",
			);
			runOnlyForDeploymentPostprocessing = 0;
			shellPath = /bin/sh;
			shellScript = "\"${SRCROOT}/Pods/Target Support Files/Pods-twiths_/Pods-twiths_-frameworks.sh\"\n";
			showEnvVarsInLog = 0;
		};
/* End PBXShellScriptBuildPhase section */

/* Begin PBXSourcesBuildPhase section */
		5B6AC1C820A980A3006EF078 /* Sources */ = {
			isa = PBXSourcesBuildPhase;
			buildActionMask = 2147483647;
			files = (
				00A2654B20B8472900B80AE6 /* LandmarkInfoVC.swift in Sources */,
				5B3423C020BC38B0007B2D40 /* SearchVC.swift in Sources */,
				5B8AF55B20B6F7E900A92405 /* ProceedTour.swift in Sources */,
				5B8AF55C20B6F7E900A92405 /* SelectLandmark.swift in Sources */,
				5B40AB4120C053FA00F97F0D /* JjimVC.swift in Sources */,
				5B8AF56020B6F7E900A92405 /* Database_test.swift in Sources */,
				5BF7A5E820BDB50800294AFF /* TourCreateVC.swift in Sources */,
				5B52E32020B5CE5800134C57 /* MyPageViewController.swift in Sources */,
				5BAAC72820B5C53C00761C86 /* LoginViewController.swift in Sources */,
				5B8AF55920B6F7E900A92405 /* TourCreate.swift in Sources */,
				5B6AC1D220A980A3006EF078 /* ViewController.swift in Sources */,
				5B8AF55A20B6F7E900A92405 /* Tour_Map.swift in Sources */,
				5B8AF55E20B6F7E900A92405 /* For_Create_Tour.swift in Sources */,
				5BFBBB1B20BE6BB400E24B4F /* LandmarkCreateVC.swift in Sources */,
				5BAAC72A20B5C54700761C86 /* SignupViewController.swift in Sources */,
				00A2654520B846F700B80AE6 /* MainVC.swift in Sources */,
				005A778020BF612B00151A55 /* TourInfoTourVC.swift in Sources */,
				5B8AF55F20B6F7E900A92405 /* Tour_Landmarks.swift in Sources */,
				5B3423B920BAF7CD007B2D40 /* Model.swift in Sources */,
				5B3423BB20BB0AF5007B2D40 /* TourCreateHelper.swift in Sources */,
				5B6AC1D020A980A3006EF078 /* AppDelegate.swift in Sources */,
				00A2654720B8470C00B80AE6 /* LandmarkListVC.swift in Sources */,
				00A2654320B846DE00B80AE6 /* DBFindHelper.swift in Sources */,
				5B8AF54C20B6F7CF00A92405 /* Tour_Review.swift in Sources */,
				5B3423C520BC581F007B2D40 /* TourInfoMainVC.swift in Sources */,
				5B8AF55720B6F7E900A92405 /* Tour_Find.swift in Sources */,
				005A778220BF614200151A55 /* TourInfoLandmarkVC.swift in Sources */,
				5B8AF55820B6F7E900A92405 /* TourInfo.swift in Sources */,
				00A2654920B8471B00B80AE6 /* TourInfoVC.swift in Sources */,
				5B8AF55D20B6F7E900A92405 /* LandmarkInfo.swift in Sources */,
			);
			runOnlyForDeploymentPostprocessing = 0;
		};
/* End PBXSourcesBuildPhase section */

/* Begin PBXVariantGroup section */
		5B6AC1D320A980A3006EF078 /* Main.storyboard */ = {
			isa = PBXVariantGroup;
			children = (
				5B6AC1D420A980A3006EF078 /* Base */,
			);
			name = Main.storyboard;
			sourceTree = "<group>";
		};
		5B6AC1D820A980A5006EF078 /* LaunchScreen.storyboard */ = {
			isa = PBXVariantGroup;
			children = (
				5B6AC1D920A980A5006EF078 /* Base */,
			);
			name = LaunchScreen.storyboard;
			sourceTree = "<group>";
		};
/* End PBXVariantGroup section */

/* Begin XCBuildConfiguration section */
		5B6AC1DC20A980A5006EF078 /* Debug */ = {
			isa = XCBuildConfiguration;
			buildSettings = {
				ALWAYS_SEARCH_USER_PATHS = NO;
				CLANG_ANALYZER_NONNULL = YES;
				CLANG_ANALYZER_NUMBER_OBJECT_CONVERSION = YES_AGGRESSIVE;
				CLANG_CXX_LANGUAGE_STANDARD = "gnu++14";
				CLANG_CXX_LIBRARY = "libc++";
				CLANG_ENABLE_MODULES = YES;
				CLANG_ENABLE_OBJC_ARC = YES;
				CLANG_ENABLE_OBJC_WEAK = YES;
				CLANG_WARN_BLOCK_CAPTURE_AUTORELEASING = YES;
				CLANG_WARN_BOOL_CONVERSION = YES;
				CLANG_WARN_COMMA = YES;
				CLANG_WARN_CONSTANT_CONVERSION = YES;
				CLANG_WARN_DEPRECATED_OBJC_IMPLEMENTATIONS = YES;
				CLANG_WARN_DIRECT_OBJC_ISA_USAGE = YES_ERROR;
				CLANG_WARN_DOCUMENTATION_COMMENTS = YES;
				CLANG_WARN_EMPTY_BODY = YES;
				CLANG_WARN_ENUM_CONVERSION = YES;
				CLANG_WARN_INFINITE_RECURSION = YES;
				CLANG_WARN_INT_CONVERSION = YES;
				CLANG_WARN_NON_LITERAL_NULL_CONVERSION = YES;
				CLANG_WARN_OBJC_IMPLICIT_RETAIN_SELF = YES;
				CLANG_WARN_OBJC_LITERAL_CONVERSION = YES;
				CLANG_WARN_OBJC_ROOT_CLASS = YES_ERROR;
				CLANG_WARN_RANGE_LOOP_ANALYSIS = YES;
				CLANG_WARN_STRICT_PROTOTYPES = YES;
				CLANG_WARN_SUSPICIOUS_MOVE = YES;
				CLANG_WARN_UNGUARDED_AVAILABILITY = YES_AGGRESSIVE;
				CLANG_WARN_UNREACHABLE_CODE = YES;
				CLANG_WARN__DUPLICATE_METHOD_MATCH = YES;
				CODE_SIGN_IDENTITY = "iPhone Developer";
				COPY_PHASE_STRIP = NO;
				DEBUG_INFORMATION_FORMAT = dwarf;
				ENABLE_STRICT_OBJC_MSGSEND = YES;
				ENABLE_TESTABILITY = YES;
				GCC_C_LANGUAGE_STANDARD = gnu11;
				GCC_DYNAMIC_NO_PIC = NO;
				GCC_NO_COMMON_BLOCKS = YES;
				GCC_OPTIMIZATION_LEVEL = 0;
				GCC_PREPROCESSOR_DEFINITIONS = (
					"DEBUG=1",
					"$(inherited)",
				);
				GCC_WARN_64_TO_32_BIT_CONVERSION = YES;
				GCC_WARN_ABOUT_RETURN_TYPE = YES_ERROR;
				GCC_WARN_UNDECLARED_SELECTOR = YES;
				GCC_WARN_UNINITIALIZED_AUTOS = YES_AGGRESSIVE;
				GCC_WARN_UNUSED_FUNCTION = YES;
				GCC_WARN_UNUSED_VARIABLE = YES;
				IPHONEOS_DEPLOYMENT_TARGET = 11.3;
				MTL_ENABLE_DEBUG_INFO = YES;
				ONLY_ACTIVE_ARCH = YES;
				SDKROOT = iphoneos;
				SWIFT_ACTIVE_COMPILATION_CONDITIONS = DEBUG;
				SWIFT_OPTIMIZATION_LEVEL = "-Onone";
			};
			name = Debug;
		};
		5B6AC1DD20A980A5006EF078 /* Release */ = {
			isa = XCBuildConfiguration;
			buildSettings = {
				ALWAYS_SEARCH_USER_PATHS = NO;
				CLANG_ANALYZER_NONNULL = YES;
				CLANG_ANALYZER_NUMBER_OBJECT_CONVERSION = YES_AGGRESSIVE;
				CLANG_CXX_LANGUAGE_STANDARD = "gnu++14";
				CLANG_CXX_LIBRARY = "libc++";
				CLANG_ENABLE_MODULES = YES;
				CLANG_ENABLE_OBJC_ARC = YES;
				CLANG_ENABLE_OBJC_WEAK = YES;
				CLANG_WARN_BLOCK_CAPTURE_AUTORELEASING = YES;
				CLANG_WARN_BOOL_CONVERSION = YES;
				CLANG_WARN_COMMA = YES;
				CLANG_WARN_CONSTANT_CONVERSION = YES;
				CLANG_WARN_DEPRECATED_OBJC_IMPLEMENTATIONS = YES;
				CLANG_WARN_DIRECT_OBJC_ISA_USAGE = YES_ERROR;
				CLANG_WARN_DOCUMENTATION_COMMENTS = YES;
				CLANG_WARN_EMPTY_BODY = YES;
				CLANG_WARN_ENUM_CONVERSION = YES;
				CLANG_WARN_INFINITE_RECURSION = YES;
				CLANG_WARN_INT_CONVERSION = YES;
				CLANG_WARN_NON_LITERAL_NULL_CONVERSION = YES;
				CLANG_WARN_OBJC_IMPLICIT_RETAIN_SELF = YES;
				CLANG_WARN_OBJC_LITERAL_CONVERSION = YES;
				CLANG_WARN_OBJC_ROOT_CLASS = YES_ERROR;
				CLANG_WARN_RANGE_LOOP_ANALYSIS = YES;
				CLANG_WARN_STRICT_PROTOTYPES = YES;
				CLANG_WARN_SUSPICIOUS_MOVE = YES;
				CLANG_WARN_UNGUARDED_AVAILABILITY = YES_AGGRESSIVE;
				CLANG_WARN_UNREACHABLE_CODE = YES;
				CLANG_WARN__DUPLICATE_METHOD_MATCH = YES;
				CODE_SIGN_IDENTITY = "iPhone Developer";
				COPY_PHASE_STRIP = NO;
				DEBUG_INFORMATION_FORMAT = "dwarf-with-dsym";
				ENABLE_NS_ASSERTIONS = NO;
				ENABLE_STRICT_OBJC_MSGSEND = YES;
				GCC_C_LANGUAGE_STANDARD = gnu11;
				GCC_NO_COMMON_BLOCKS = YES;
				GCC_WARN_64_TO_32_BIT_CONVERSION = YES;
				GCC_WARN_ABOUT_RETURN_TYPE = YES_ERROR;
				GCC_WARN_UNDECLARED_SELECTOR = YES;
				GCC_WARN_UNINITIALIZED_AUTOS = YES_AGGRESSIVE;
				GCC_WARN_UNUSED_FUNCTION = YES;
				GCC_WARN_UNUSED_VARIABLE = YES;
				IPHONEOS_DEPLOYMENT_TARGET = 11.3;
				MTL_ENABLE_DEBUG_INFO = NO;
				SDKROOT = iphoneos;
				SWIFT_COMPILATION_MODE = wholemodule;
				SWIFT_OPTIMIZATION_LEVEL = "-O";
				VALIDATE_PRODUCT = YES;
			};
			name = Release;
		};
		5B6AC1DF20A980A5006EF078 /* Debug */ = {
			isa = XCBuildConfiguration;
			baseConfigurationReference = 713C8584B58D6E1B481B2317 /* Pods-twiths_.debug.xcconfig */;
			buildSettings = {
				ASSETCATALOG_COMPILER_APPICON_NAME = AppIcon;
				CODE_SIGN_STYLE = Automatic;
				INFOPLIST_FILE = twiths_/Info.plist;
				LD_RUNPATH_SEARCH_PATHS = (
					"$(inherited)",
					"@executable_path/Frameworks",
				);
				PRODUCT_BUNDLE_IDENTIFIER = com.twiths.app;
				PRODUCT_NAME = "$(TARGET_NAME)";
				SWIFT_VERSION = 4.0;
				TARGETED_DEVICE_FAMILY = "1,2";
			};
			name = Debug;
		};
		5B6AC1E020A980A5006EF078 /* Release */ = {
			isa = XCBuildConfiguration;
			baseConfigurationReference = FF71718479ABA4D089758DC6 /* Pods-twiths_.release.xcconfig */;
			buildSettings = {
				ASSETCATALOG_COMPILER_APPICON_NAME = AppIcon;
				CODE_SIGN_STYLE = Automatic;
				INFOPLIST_FILE = twiths_/Info.plist;
				LD_RUNPATH_SEARCH_PATHS = (
					"$(inherited)",
					"@executable_path/Frameworks",
				);
				PRODUCT_BUNDLE_IDENTIFIER = com.twiths.app;
				PRODUCT_NAME = "$(TARGET_NAME)";
				SWIFT_VERSION = 4.0;
				TARGETED_DEVICE_FAMILY = "1,2";
			};
			name = Release;
		};
/* End XCBuildConfiguration section */

/* Begin XCConfigurationList section */
		5B6AC1C720A980A3006EF078 /* Build configuration list for PBXProject "twiths_" */ = {
			isa = XCConfigurationList;
			buildConfigurations = (
				5B6AC1DC20A980A5006EF078 /* Debug */,
				5B6AC1DD20A980A5006EF078 /* Release */,
			);
			defaultConfigurationIsVisible = 0;
			defaultConfigurationName = Release;
		};
		5B6AC1DE20A980A5006EF078 /* Build configuration list for PBXNativeTarget "twiths_" */ = {
			isa = XCConfigurationList;
			buildConfigurations = (
				5B6AC1DF20A980A5006EF078 /* Debug */,
				5B6AC1E020A980A5006EF078 /* Release */,
			);
			defaultConfigurationIsVisible = 0;
			defaultConfigurationName = Release;
		};
/* End XCConfigurationList section */
	};
	rootObject = 5B6AC1C420A980A3006EF078 /* Project object */;
}
